
Microsoft Visual Studio Solution File, Format Version 12.00
# Visual Studio 15
VisualStudioVersion = 15.0.28307.757
MinimumVisualStudioVersion = 10.0.40219.1
Project("{FAE04EC0-301F-11D3-BF4B-00C04F79EFBC}") = "VirtualIPSuite", "VirtualIPSuite\VirtualIPSuite.csproj", "{14C9F2C2-7B35-42F6-9E73-765C00B9BDB3}"
EndProject
Global
	GlobalSection(SolutionConfigurationPlatforms) = preSolution
		Debug|Any CPU = Debug|Any CPU
		Release|Any CPU = Release|Any CPU
	EndGlobalSection
	GlobalSection(ProjectConfigurationPlatforms) = postSolution
		{14C9F2C2-7B35-42F6-9E73-765C00B9BDB3}.Debug|Any CPU.ActiveCfg = Debug|Any CPU
		{14C9F2C2-7B35-42F6-9E73-765C00B9BDB3}.Debug|Any CPU.Build.0 = Debug|Any CPU
		{14C9F2C2-7B35-42F6-9E73-765C00B9BDB3}.Release|Any CPU.ActiveCfg = Release|Any CPU
		{14C9F2C2-7B35-42F6-9E73-765C00B9BDB3}.Release|Any CPU.Build.0 = Release|Any CPU
	EndGlobalSection
	GlobalSection(SolutionProperties) = preSolution
		HideSolutionNode = FALSE
	EndGlobalSection
	GlobalSection(ExtensibilityGlobals) = postSolution
		SolutionGuid = {B811A0EC-98DE-4F8B-BA58-F2CA91EBB3C9}
	EndGlobalSection
EndGlobal
